
Microsoft Visual Studio Solution File, Format Version 11.00
# Visual Studio 2010
Project("{4925A630-B079-445d-BCD4-3A9C94FE9307}") = "rpmllib", "rpml\rpmllib.fsproj", "{5CB99DB9-128A-4958-A272-5BE02E2AED05}"
EndProject
Global
	GlobalSection(SolutionConfigurationPlatforms) = preSolution
		Debug|Any CPU = Debug|Any CPU
		Debug|x64 = Debug|x64
		Release|Any CPU = Release|Any CPU
		Release|x64 = Release|x64
	EndGlobalSection
	GlobalSection(ProjectConfigurationPlatforms) = postSolution
		{5CB99DB9-128A-4958-A272-5BE02E2AED05}.Debug|Any CPU.ActiveCfg = Debug|Any CPU
		{5CB99DB9-128A-4958-A272-5BE02E2AED05}.Debug|Any CPU.Build.0 = Debug|Any CPU
		{5CB99DB9-128A-4958-A272-5BE02E2AED05}.Debug|x64.ActiveCfg = Debug|Any CPU
		{5CB99DB9-128A-4958-A272-5BE02E2AED05}.Release|Any CPU.ActiveCfg = Release|Any CPU
		{5CB99DB9-128A-4958-A272-5BE02E2AED05}.Release|Any CPU.Build.0 = Release|Any CPU
		{5CB99DB9-128A-4958-A272-5BE02E2AED05}.Release|x64.ActiveCfg = Release|Any CPU
	EndGlobalSection
	GlobalSection(MonoDevelopProperties) = preSolution
		StartupItem = rpml\rpmllib.fsproj
	EndGlobalSection
	GlobalSection(SolutionProperties) = preSolution
		HideSolutionNode = FALSE
	EndGlobalSection
EndGlobal
